<?xml version="1.0" encoding="utf-8"?>
<Project ToolsVersion="4.0" xmlns="http://schemas.microsoft.com/developer/msbuild/2003">
  <ItemGroup>
    <Filter Include="Source Files">
      <UniqueIdentifier>{4FC737F1-C7A5-4376-A066-2A32D752A2FF}</UniqueIdentifier>
      <Extensions>cpp;c;cc;cxx;def;odl;idl;hpj;bat;asm;asmx</Extensions>
    </Filter>
    <Filter Include="Header Files">
      <UniqueIdentifier>{93995380-89BD-4b04-88EB-625FBE52EBFB}</UniqueIdentifier>
      <Extensions>h;hh;hpp;hxx;hm;inl;inc;ipp;xsd</Extensions>
    </Filter>
    <Filter Include="Resource Files">
      <UniqueIdentifier>{67DA6AB6-F800-4c08-8B7A-83BB121AAD01}</UniqueIdentifier>
      <Extensions>rc;ico;cur;bmp;dlg;rc2;rct;bin;rgs;gif;jpg;jpeg;jpe;resx;tiff;tif;png;wav;mfcribbon-ms</Extensions>
    </Filter>
  </ItemGroup>
  <ItemGroup>
    <ClInclude Include="BU_EDU.h">
      <Filter>Header Files</Filter>
    </ClInclude>
    <ClInclude Include="BU_EDUDlg.h">
      <Filter>Header Files</Filter>
    </ClInclude>
    <ClInclude Include="framework.h">
      <Filter>Header Files</Filter>
    </ClInclude>
    <ClInclude Include="targetver.h">
      <Filter>Header Files</Filter>
    </ClInclude>
    <ClInclude Include="Resource.h">
      <Filter>Header Files</Filter>
    </ClInclude>
    <ClInclude Include="pch.h">
      <Filter>Header Files</Filter>
    </ClInclude>
    <ClInclude Include="FormAudio.h">
      <Filter>Header Files</Filter>
    </ClInclude>
    <ClInclude Include="Formtest.h">
      <Filter>Header Files</Filter>
    </ClInclude>
    <ClInclude Include="FormLevel.h">
      <Filter>Header Files</Filter>
    </ClInclude>
    <ClInclude Include="FormEdu.h">
      <Filter>Header Files</Filter>
    </ClInclude>
    <ClInclude Include="FormChat.h">
      <Filter>Header Files</Filter>
    </ClInclude>
  </ItemGroup>
  <ItemGroup>
    <ClCompile Include="BU_EDU.cpp">
      <Filter>Source Files</Filter>
    </ClCompile>
    <ClCompile Include="BU_EDUDlg.cpp">
      <Filter>Source Files</Filter>
    </ClCompile>
    <ClCompile Include="pch.cpp">
      <Filter>Source Files</Filter>
    </ClCompile>
    <ClCompile Include="FormAudio.cpp">
      <Filter>Source Files</Filter>
    </ClCompile>
    <ClCompile Include="Formtest.cpp">
      <Filter>Source Files</Filter>
    </ClCompile>
    <ClCompile Include="FormLevel.cpp">
      <Filter>Source Files</Filter>
    </ClCompile>
    <ClCompile Include="FormEdu.cpp">
      <Filter>Source Files</Filter>
    </ClCompile>
    <ClCompile Include="FormChat.cpp">
      <Filter>Source Files</Filter>
    </ClCompile>
  </ItemGroup>
  <ItemGroup>
    <ResourceCompile Include="BUEDU.rc">
      <Filter>Resource Files</Filter>
    </ResourceCompile>
  </ItemGroup>
  <ItemGroup>
    <None Include="res\BUEDU.rc2">
      <Filter>Resource Files</Filter>
    </None>
  </ItemGroup>
  <ItemGroup>
    <Image Include="res\BU_EDU.ico">
      <Filter>Resource Files</Filter>
    </Image>
    <Image Include="..\..\Users\ljp33\Desktop\main_btn_1.png">
      <Filter>Resource Files</Filter>
    </Image>
    <Image Include="..\..\Users\ljp33\Desktop\main_btn_1.bmp">
      <Filter>Resource Files</Filter>
    </Image>
    <Image Include="..\..\users\ljp33\desktop\bitmap2.bmp">
      <Filter>Resource Files</Filter>
    </Image>
    <Image Include="..\..\Users\ljp33\Desktop\sub_btn_1.bmp">
      <Filter>Resource Files</Filter>
    </Image>
    <Image Include="..\..\Users\ljp33\Desktop\background.bmp">
      <Filter>Resource Files</Filter>
    </Image>
    <Image Include="res\main_btn_1.bmp">
      <Filter>Resource Files</Filter>
    </Image>
    <Image Include="res\sub_btn_1.bmp">
      <Filter>Resource Files</Filter>
    </Image>
    <Image Include="res\background.bmp">
      <Filter>Resource Files</Filter>
    </Image>
    <Image Include="res\main_logo.bmp">
      <Filter>Resource Files</Filter>
    </Image>
    <Image Include="res\main_btn1.bmp">
      <Filter>Resource Files</Filter>
    </Image>
    <Image Include="res\sub_btn1.bmp">
      <Filter>Resource Files</Filter>
    </Image>
    <Image Include="res\main_btn2.bmp">
      <Filter>Resource Files</Filter>
    </Image>
    <Image Include="res\sub_btn1_on.bmp">
      <Filter>Resource Files</Filter>
    </Image>
    <Image Include="res\sub_btn2.bmp">
      <Filter>Resource Files</Filter>
    </Image>
    <Image Include="res\sub_btn2_on.bmp">
      <Filter>Resource Files</Filter>
    </Image>
    <Image Include="res\sub_btn3.bmp">
      <Filter>Resource Files</Filter>
    </Image>
    <Image Include="res\sub_btn3_on.bmp">
      <Filter>Resource Files</Filter>
    </Image>
    <Image Include="res\sub_btn4.bmp">
      <Filter>Resource Files</Filter>
    </Image>
    <Image Include="res\sub_btn4_on.bmp">
      <Filter>Resource Files</Filter>
    </Image>
    <Image Include="res\sub_btn5.bmp">
      <Filter>Resource Files</Filter>
    </Image>
    <Image Include="res\sub_btn5_on.bmp">
      <Filter>Resource Files</Filter>
    </Image>
    <Image Include="res\sub_btn6.bmp">
      <Filter>Resource Files</Filter>
    </Image>
    <Image Include="res\sub_btn6_on.bmp">
      <Filter>Resource Files</Filter>
    </Image>
    <Image Include="res\sub_btn7.bmp">
      <Filter>Resource Files</Filter>
    </Image>
    <Image Include="res\sub_btn7_on.bmp">
      <Filter>Resource Files</Filter>
    </Image>
  </ItemGroup>
</Project>